
Microsoft Visual Studio Solution File, Format Version 12.00
# Visual Studio Version 16
VisualStudioVersion = 16.0.30517.126
MinimumVisualStudioVersion = 10.0.40219.1
Project("{FAE04EC0-301F-11D3-BF4B-00C04F79EFBC}") = "BenMakesGames.HexGrid", "BenMakesGames.HexGrid\BenMakesGames.HexGrid.csproj", "{F42C0D0C-3847-4272-BCD0-D323A06FABBD}"
EndProject
Global
	GlobalSection(SolutionConfigurationPlatforms) = preSolution
		Debug|Any CPU = Debug|Any CPU
		Release|Any CPU = Release|Any CPU
	EndGlobalSection
	GlobalSection(ProjectConfigurationPlatforms) = postSolution
		{F42C0D0C-3847-4272-BCD0-D323A06FABBD}.Debug|Any CPU.ActiveCfg = Debug|Any CPU
		{F42C0D0C-3847-4272-BCD0-D323A06FABBD}.Debug|Any CPU.Build.0 = Debug|Any CPU
		{F42C0D0C-3847-4272-BCD0-D323A06FABBD}.Release|Any CPU.ActiveCfg = Release|Any CPU
		{F42C0D0C-3847-4272-BCD0-D323A06FABBD}.Release|Any CPU.Build.0 = Release|Any CPU
	EndGlobalSection
	GlobalSection(SolutionProperties) = preSolution
		HideSolutionNode = FALSE
	EndGlobalSection
	GlobalSection(ExtensibilityGlobals) = postSolution
		SolutionGuid = {D3A171B5-4B16-4338-BFCE-0FE106B58528}
	EndGlobalSection
EndGlobal
